# This file is autogenerated, do not edit; changes may be undone by the next 'dep ensure'.


[[projects]]
  digest = "1:ffe9824d294da03b391f44e1ae8281281b4afc1bdaa9588c9097785e3af10cec"
  name = "github.com/davecgh/go-spew"
  packages = ["spew"]
  pruneopts = "UT"
  revision = "8991bc29aa16c548c550c7ff78260e27b9ab7c73"
  version = "v1.1.1"

[[projects]]
  digest = "1:8f8811f9be822914c3a25c6a071e93beb4c805d7b026cbf298bc577bc1cc945b"
  name = "github.com/google/uuid"
  packages = ["."]
  pruneopts = "UT"
  revision = "064e2069ce9c359c118179501254f67d7d37ba24"
  version = "0.2"

[[projects]]
  digest = "1:c79fb010be38a59d657c48c6ba1d003a8aa651fa56b579d959d74573b7dff8e1"
  name = "github.com/gorilla/context"
  packages = ["."]
  pruneopts = "UT"
  revision = "08b5f424b9271eedf6f9f0ce86cb9396ed337a42"
  version = "v1.1.1"

[[projects]]
  digest = "1:e73f5b0152105f18bc131fba127d9949305c8693f8a762588a82a48f61756f5f"
  name = "github.com/gorilla/mux"
  packages = ["."]
  pruneopts = "UT"
  revision = "e3702bed27f0d39777b0b37b664b6280e8ef8fbf"
  version = "v1.6.2"

[[projects]]
  branch = "master"
  digest = "1:37ce7d7d80531b227023331002c0d42b4b4b291a96798c82a049d03a54ba79e4"
  name = "github.com/lib/pq"
  packages = [
    ".",
    "oid",
  ]
  pruneopts = "UT"
  revision = "90697d60dd844d5ef6ff15135d0203f65d2f53b8"

[[projects]]
  digest = "1:0028cb19b2e4c3112225cd871870f2d9cf49b9b4276531f03438a88e94be86fe"
  name = "github.com/pmezard/go-difflib"
  packages = ["difflib"]
  pruneopts = "UT"
  revision = "792786c7400a136282c1664665ae0a8db921c6c2"
  version = "v1.0.0"

[[projects]]
  digest = "1:18752d0b95816a1b777505a97f71c7467a8445b8ffb55631a7bf779f6ba4fa83"
  name = "github.com/stretchr/testify"
  packages = ["assert"]
  pruneopts = "UT"
  revision = "f35b8ab0b5a2cef36673838d662e249dd9c94686"
  version = "v1.2.2"

[[projects]]
  branch = "master"
  digest = "1:d6b719875cf8091fbab38527d81d34e71f4521b9ee9ccfbd4a32cff2ac5af96e"
  name = "golang.org/x/net"
  packages = [
    "context",
    "context/ctxhttp",
  ]
  pruneopts = "UT"
  revision = "aaf60122140d3fcf75376d319f0554393160eb50"

[[projects]]
  branch = "master"
  digest = "1:c9e7a4b4d47c0ed205d257648b0e5b0440880cb728506e318f8ac7cd36270bc4"
  name = "golang.org/x/time"
  packages = ["rate"]
  pruneopts = "UT"
  revision = "fbb02b2291d28baffd63558aa44b4b56f178d650"

[[projects]]
  branch = "master"
  digest = "1:585c25270d933f789ff15fa5240da271ee643759bedbb4d7ff8e8ee6befd2831"
  name = "googlemaps.github.io/maps"
  packages = [
    ".",
    "internal",
  ]
  pruneopts = "UT"
  revision = "ce25c900cc16d88a9aabca6e7509f3818ba04f91"

[solve-meta]
  analyzer-name = "dep"
  analyzer-version = 1
  input-imports = [
    "github.com/gorilla/mux",
    "github.com/lib/pq",
    "github.com/stretchr/testify/assert",
    "googlemaps.github.io/maps",
  ]
  solver-name = "gps-cdcl"
  solver-version = 1
